
Microsoft Visual Studio Solution File, Format Version 12.00
# Visual Studio Version 16
VisualStudioVersion = 25.0.1704.1
MinimumVisualStudioVersion = 10.0.40219.1
Project("{FAE04EC0-301F-11D3-BF4B-00C04F79EFBC}") = "AutoComplete", "AutoComplete.csproj", "{E10C2625-845A-4F50-A460-D34B746E9560}"
EndProject
Global
	GlobalSection(SolutionConfigurationPlatforms) = preSolution
		Debug|Any CPU = Debug|Any CPU
		Release|Any CPU = Release|Any CPU
	EndGlobalSection
	GlobalSection(ProjectConfigurationPlatforms) = postSolution
		{E10C2625-845A-4F50-A460-D34B746E9560}.Debug|Any CPU.ActiveCfg = Debug|Any CPU
		{E10C2625-845A-4F50-A460-D34B746E9560}.Debug|Any CPU.Build.0 = Debug|Any CPU
		{E10C2625-845A-4F50-A460-D34B746E9560}.Release|Any CPU.ActiveCfg = Release|Any CPU
		{E10C2625-845A-4F50-A460-D34B746E9560}.Release|Any CPU.Build.0 = Release|Any CPU
	EndGlobalSection
	GlobalSection(SolutionProperties) = preSolution
		HideSolutionNode = FALSE
	EndGlobalSection
	GlobalSection(ExtensibilityGlobals) = postSolution
		SolutionGuid = {C43015CD-E5AE-4104-9ADF-F8F58202221B}
	EndGlobalSection
EndGlobal
